
Microsoft Visual Studio Solution File, Format Version 12.00
# Visual Studio Version 17
VisualStudioVersion = 17.11.35219.272
MinimumVisualStudioVersion = 10.0.40219.1
Project("{FAE04EC0-301F-11D3-BF4B-00C04F79EFBC}") = "UIXcelerate.Server", "UIXcelerate.Server\UIXcelerate.Server.csproj", "{4A9DFAB4-21C6-4D67-88D5-D9A5FEC0922A}"
EndProject
Project("{54A90642-561A-4BB1-A94E-469ADEE60C69}") = "uixcelerate.client", "uixcelerate.client\uixcelerate.client.esproj", "{00FBCD05-2CB9-41F1-9F76-CEB34BD55B4C}"
EndProject
Global
	GlobalSection(SolutionConfigurationPlatforms) = preSolution
		Debug|Any CPU = Debug|Any CPU
		Release|Any CPU = Release|Any CPU
	EndGlobalSection
	GlobalSection(ProjectConfigurationPlatforms) = postSolution
		{4A9DFAB4-21C6-4D67-88D5-D9A5FEC0922A}.Debug|Any CPU.ActiveCfg = Debug|Any CPU
		{4A9DFAB4-21C6-4D67-88D5-D9A5FEC0922A}.Debug|Any CPU.Build.0 = Debug|Any CPU
		{4A9DFAB4-21C6-4D67-88D5-D9A5FEC0922A}.Release|Any CPU.ActiveCfg = Release|Any CPU
		{4A9DFAB4-21C6-4D67-88D5-D9A5FEC0922A}.Release|Any CPU.Build.0 = Release|Any CPU
		{00FBCD05-2CB9-41F1-9F76-CEB34BD55B4C}.Debug|Any CPU.ActiveCfg = Debug|Any CPU
		{00FBCD05-2CB9-41F1-9F76-CEB34BD55B4C}.Debug|Any CPU.Build.0 = Debug|Any CPU
		{00FBCD05-2CB9-41F1-9F76-CEB34BD55B4C}.Debug|Any CPU.Deploy.0 = Debug|Any CPU
		{00FBCD05-2CB9-41F1-9F76-CEB34BD55B4C}.Release|Any CPU.ActiveCfg = Release|Any CPU
		{00FBCD05-2CB9-41F1-9F76-CEB34BD55B4C}.Release|Any CPU.Build.0 = Release|Any CPU
		{00FBCD05-2CB9-41F1-9F76-CEB34BD55B4C}.Release|Any CPU.Deploy.0 = Release|Any CPU
	EndGlobalSection
	GlobalSection(SolutionProperties) = preSolution
		HideSolutionNode = FALSE
	EndGlobalSection
	GlobalSection(ExtensibilityGlobals) = postSolution
		SolutionGuid = {E6BDD82C-A14A-405D-95B3-B1682CDFFC1E}
	EndGlobalSection
EndGlobal
